// !$*UTF8*$!
{
	archiveVersion = 1;
	classes = {
	};
	objectVersion = 56;
	objects = {

/* Begin PBXBuildFile section */
		96122E5C29CAE004007216A2 /* D20App.swift in Sources */ = {isa = PBXBuildFile; fileRef = 96122E5B29CAE004007216A2 /* D20App.swift */; };
		96122E5E29CAE004007216A2 /* D20View.swift in Sources */ = {isa = PBXBuildFile; fileRef = 96122E5D29CAE004007216A2 /* D20View.swift */; };
		96122E6029CAE005007216A2 /* Assets.xcassets in Resources */ = {isa = PBXBuildFile; fileRef = 96122E5F29CAE005007216A2 /* Assets.xcassets */; };
		96122E6329CAE005007216A2 /* Preview Assets.xcassets in Resources */ = {isa = PBXBuildFile; fileRef = 96122E6229CAE005007216A2 /* Preview Assets.xcassets */; };
		964A158829D5927600397315 /* roll1.mp3 in Resources */ = {isa = PBXBuildFile; fileRef = 964A158629D5927600397315 /* roll1.mp3 */; };
		964A158929D5927600397315 /* roll2.mp3 in Resources */ = {isa = PBXBuildFile; fileRef = 964A158729D5927600397315 /* roll2.mp3 */; };
		965E764429D4313C003F3792 /* SelectButton.swift in Sources */ = {isa = PBXBuildFile; fileRef = 965E764329D4313C003F3792 /* SelectButton.swift */; };
		966BA2CB29CDA7350097CBBD /* Die.swift in Sources */ = {isa = PBXBuildFile; fileRef = 966BA2CA29CDA7350097CBBD /* Die.swift */; };
		968A28A129D5907C0091FD23 /* AudioManager.swift in Sources */ = {isa = PBXBuildFile; fileRef = 968A28A029D5907C0091FD23 /* AudioManager.swift */; };
/* End PBXBuildFile section */

/* Begin PBXFileReference section */
		96122E5829CAE004007216A2 /* D20.app */ = {isa = PBXFileReference; explicitFileType = wrapper.application; includeInIndex = 0; path = D20.app; sourceTree = BUILT_PRODUCTS_DIR; };
		96122E5B29CAE004007216A2 /* D20App.swift */ = {isa = PBXFileReference; lastKnownFileType = sourcecode.swift; path = D20App.swift; sourceTree = "<group>"; };
		96122E5D29CAE004007216A2 /* D20View.swift */ = {isa = PBXFileReference; lastKnownFileType = sourcecode.swift; path = D20View.swift; sourceTree = "<group>"; };
		96122E5F29CAE005007216A2 /* Assets.xcassets */ = {isa = PBXFileReference; lastKnownFileType = folder.assetcatalog; path = Assets.xcassets; sourceTree = "<group>"; };
		96122E6229CAE005007216A2 /* Preview Assets.xcassets */ = {isa = PBXFileReference; lastKnownFileType = folder.assetcatalog; path = "Preview Assets.xcassets"; sourceTree = "<group>"; };
		964A158629D5927600397315 /* roll1.mp3 */ = {isa = PBXFileReference; lastKnownFileType = audio.mp3; path = roll1.mp3; sourceTree = "<group>"; };
		964A158729D5927600397315 /* roll2.mp3 */ = {isa = PBXFileReference; lastKnownFileType = audio.mp3; path = roll2.mp3; sourceTree = "<group>"; };
		965E764329D4313C003F3792 /* SelectButton.swift */ = {isa = PBXFileReference; lastKnownFileType = sourcecode.swift; path = SelectButton.swift; sourceTree = "<group>"; tabWidth = 4; };
		966BA2CA29CDA7350097CBBD /* Die.swift */ = {isa = PBXFileReference; lastKnownFileType = sourcecode.swift; path = Die.swift; sourceTree = "<group>"; };
		968A28A029D5907C0091FD23 /* AudioManager.swift */ = {isa = PBXFileReference; lastKnownFileType = sourcecode.swift; path = AudioManager.swift; sourceTree = "<group>"; };
/* End PBXFileReference section */

/* Begin PBXFrameworksBuildPhase section */
		96122E5529CAE004007216A2 /* Frameworks */ = {
			isa = PBXFrameworksBuildPhase;
			buildActionMask = 2147483647;
			files = (
			);
			runOnlyForDeploymentPostprocessing = 0;
		};
/* End PBXFrameworksBuildPhase section */

/* Begin PBXGroup section */
		96122E4F29CAE004007216A2 = {
			isa = PBXGroup;
			children = (
				96122E5A29CAE004007216A2 /* D20 */,
				96122E5929CAE004007216A2 /* Products */,
			);
			sourceTree = "<group>";
		};
		96122E5929CAE004007216A2 /* Products */ = {
			isa = PBXGroup;
			children = (
				96122E5829CAE004007216A2 /* D20.app */,
			);
			name = Products;
			sourceTree = "<group>";
		};
		96122E5A29CAE004007216A2 /* D20 */ = {
			isa = PBXGroup;
			children = (
				966BA2CA29CDA7350097CBBD /* Die.swift */,
				96122E5B29CAE004007216A2 /* D20App.swift */,
				96122E5D29CAE004007216A2 /* D20View.swift */,
				968A28A029D5907C0091FD23 /* AudioManager.swift */,
				965E764329D4313C003F3792 /* SelectButton.swift */,
				96122E5F29CAE005007216A2 /* Assets.xcassets */,
				964A158629D5927600397315 /* roll1.mp3 */,
				964A158729D5927600397315 /* roll2.mp3 */,
				96122E6129CAE005007216A2 /* Preview Content */,
			);
			path = D20;
			sourceTree = "<group>";
		};
		96122E6129CAE005007216A2 /* Preview Content */ = {
			isa = PBXGroup;
			children = (
				96122E6229CAE005007216A2 /* Preview Assets.xcassets */,
			);
			path = "Preview Content";
			sourceTree = "<group>";
		};
/* End PBXGroup section */

/* Begin PBXNativeTarget section */
		96122E5729CAE004007216A2 /* D20 */ = {
			isa = PBXNativeTarget;
			buildConfigurationList = 96122E6629CAE005007216A2 /* Build configuration list for PBXNativeTarget "D20" */;
			buildPhases = (
				96122E5429CAE004007216A2 /* Sources */,
				96122E5529CAE004007216A2 /* Frameworks */,
				96122E5629CAE004007216A2 /* Resources */,
			);
			buildRules = (
			);
			dependencies = (
			);
			name = D20;
			productName = D20;
			productReference = 96122E5829CAE004007216A2 /* D20.app */;
			productType = "com.apple.product-type.application";
		};
/* End PBXNativeTarget section */

/* Begin PBXProject section */
		96122E5029CAE004007216A2 /* Project object */ = {
			isa = PBXProject;
			attributes = {
				BuildIndependentTargetsInParallel = 1;
				LastSwiftUpdateCheck = 1420;
				LastUpgradeCheck = 1420;
				TargetAttributes = {
					96122E5729CAE004007216A2 = {
						CreatedOnToolsVersion = 14.2;
					};
				};
			};
			buildConfigurationList = 96122E5329CAE004007216A2 /* Build configuration list for PBXProject "D20" */;
			compatibilityVersion = "Xcode 14.0";
			developmentRegion = en;
			hasScannedForEncodings = 0;
			knownRegions = (
				en,
				Base,
			);
			mainGroup = 96122E4F29CAE004007216A2;
			productRefGroup = 96122E5929CAE004007216A2 /* Products */;
			projectDirPath = "";
			projectRoot = "";
			targets = (
				96122E5729CAE004007216A2 /* D20 */,
			);
		};
/* End PBXProject section */

/* Begin PBXResourcesBuildPhase section */
		96122E5629CAE004007216A2 /* Resources */ = {
			isa = PBXResourcesBuildPhase;
			buildActionMask = 2147483647;
			files = (
				964A158829D5927600397315 /* roll1.mp3 in Resources */,
				96122E6329CAE005007216A2 /* Preview Assets.xcassets in Resources */,
				964A158929D5927600397315 /* roll2.mp3 in Resources */,
				96122E6029CAE005007216A2 /* Assets.xcassets in Resources */,
			);
			runOnlyForDeploymentPostprocessing = 0;
		};
/* End PBXResourcesBuildPhase section */

/* Begin PBXSourcesBuildPhase section */
		96122E5429CAE004007216A2 /* Sources */ = {
			isa = PBXSourcesBuildPhase;
			buildActionMask = 2147483647;
			files = (
				96122E5E29CAE004007216A2 /* D20View.swift in Sources */,
				966BA2CB29CDA7350097CBBD /* Die.swift in Sources */,
				96122E5C29CAE004007216A2 /* D20App.swift in Sources */,
				968A28A129D5907C0091FD23 /* AudioManager.swift in Sources */,
				965E764429D4313C003F3792 /* SelectButton.swift in Sources */,
			);
			runOnlyForDeploymentPostprocessing = 0;
		};
/* End PBXSourcesBuildPhase section */

/* Begin XCBuildConfiguration section */
		96122E6429CAE005007216A2 /* Debug */ = {
			isa = XCBuildConfiguration;
			buildSettings = {
				ALWAYS_SEARCH_USER_PATHS = NO;
				CLANG_ANALYZER_NONNULL = YES;
				CLANG_ANALYZER_NUMBER_OBJECT_CONVERSION = YES_AGGRESSIVE;
				CLANG_CXX_LANGUAGE_STANDARD = "gnu++20";
				CLANG_ENABLE_MODULES = YES;
				CLANG_ENABLE_OBJC_ARC = YES;
				CLANG_ENABLE_OBJC_WEAK = YES;
				CLANG_WARN_BLOCK_CAPTURE_AUTORELEASING = YES;
				CLANG_WARN_BOOL_CONVERSION = YES;
				CLANG_WARN_COMMA = YES;
				CLANG_WARN_CONSTANT_CONVERSION = YES;
				CLANG_WARN_DEPRECATED_OBJC_IMPLEMENTATIONS = YES;
				CLANG_WARN_DIRECT_OBJC_ISA_USAGE = YES_ERROR;
				CLANG_WARN_DOCUMENTATION_COMMENTS = YES;
				CLANG_WARN_EMPTY_BODY = YES;
				CLANG_WARN_ENUM_CONVERSION = YES;
				CLANG_WARN_INFINITE_RECURSION = YES;
				CLANG_WARN_INT_CONVERSION = YES;
				CLANG_WARN_NON_LITERAL_NULL_CONVERSION = YES;
				CLANG_WARN_OBJC_IMPLICIT_RETAIN_SELF = YES;
				CLANG_WARN_OBJC_LITERAL_CONVERSION = YES;
				CLANG_WARN_OBJC_ROOT_CLASS = YES_ERROR;
				CLANG_WARN_QUOTED_INCLUDE_IN_FRAMEWORK_HEADER = YES;
				CLANG_WARN_RANGE_LOOP_ANALYSIS = YES;
				CLANG_WARN_STRICT_PROTOTYPES = YES;
				CLANG_WARN_SUSPICIOUS_MOVE = YES;
				CLANG_WARN_UNGUARDED_AVAILABILITY = YES_AGGRESSIVE;
				CLANG_WARN_UNREACHABLE_CODE = YES;
				CLANG_WARN__DUPLICATE_METHOD_MATCH = YES;
				COPY_PHASE_STRIP = NO;
				DEBUG_INFORMATION_FORMAT = dwarf;
				ENABLE_STRICT_OBJC_MSGSEND = YES;
				ENABLE_TESTABILITY = YES;
				GCC_C_LANGUAGE_STANDARD = gnu11;
				GCC_DYNAMIC_NO_PIC = NO;
				GCC_NO_COMMON_BLOCKS = YES;
				GCC_OPTIMIZATION_LEVEL = 0;
				GCC_PREPROCESSOR_DEFINITIONS = (
					"DEBUG=1",
					"$(inherited)",
				);
				GCC_WARN_64_TO_32_BIT_CONVERSION = YES;
				GCC_WARN_ABOUT_RETURN_TYPE = YES_ERROR;
				GCC_WARN_UNDECLARED_SELECTOR = YES;
				GCC_WARN_UNINITIALIZED_AUTOS = YES_AGGRESSIVE;
				GCC_WARN_UNUSED_FUNCTION = YES;
				GCC_WARN_UNUSED_VARIABLE = YES;
				IPHONEOS_DEPLOYMENT_TARGET = 16.2;
				MTL_ENABLE_DEBUG_INFO = INCLUDE_SOURCE;
				MTL_FAST_MATH = YES;
				ONLY_ACTIVE_ARCH = YES;
				SDKROOT = iphoneos;
				SWIFT_ACTIVE_COMPILATION_CONDITIONS = DEBUG;
				SWIFT_OPTIMIZATION_LEVEL = "-Onone";
			};
			name = Debug;
		};
		96122E6529CAE005007216A2 /* Release */ = {
			isa = XCBuildConfiguration;
			buildSettings = {
				ALWAYS_SEARCH_USER_PATHS = NO;
				CLANG_ANALYZER_NONNULL = YES;
				CLANG_ANALYZER_NUMBER_OBJECT_CONVERSION = YES_AGGRESSIVE;
				CLANG_CXX_LANGUAGE_STANDARD = "gnu++20";
				CLANG_ENABLE_MODULES = YES;
				CLANG_ENABLE_OBJC_ARC = YES;
				CLANG_ENABLE_OBJC_WEAK = YES;
				CLANG_WARN_BLOCK_CAPTURE_AUTORELEASING = YES;
				CLANG_WARN_BOOL_CONVERSION = YES;
				CLANG_WARN_COMMA = YES;
				CLANG_WARN_CONSTANT_CONVERSION = YES;
				CLANG_WARN_DEPRECATED_OBJC_IMPLEMENTATIONS = YES;
				CLANG_WARN_DIRECT_OBJC_ISA_USAGE = YES_ERROR;
				CLANG_WARN_DOCUMENTATION_COMMENTS = YES;
				CLANG_WARN_EMPTY_BODY = YES;
				CLANG_WARN_ENUM_CONVERSION = YES;
				CLANG_WARN_INFINITE_RECURSION = YES;
				CLANG_WARN_INT_CONVERSION = YES;
				CLANG_WARN_NON_LITERAL_NULL_CONVERSION = YES;
				CLANG_WARN_OBJC_IMPLICIT_RETAIN_SELF = YES;
				CLANG_WARN_OBJC_LITERAL_CONVERSION = YES;
				CLANG_WARN_OBJC_ROOT_CLASS = YES_ERROR;
				CLANG_WARN_QUOTED_INCLUDE_IN_FRAMEWORK_HEADER = YES;
				CLANG_WARN_RANGE_LOOP_ANALYSIS = YES;
				CLANG_WARN_STRICT_PROTOTYPES = YES;
				CLANG_WARN_SUSPICIOUS_MOVE = YES;
				CLANG_WARN_UNGUARDED_AVAILABILITY = YES_AGGRESSIVE;
				CLANG_WARN_UNREACHABLE_CODE = YES;
				CLANG_WARN__DUPLICATE_METHOD_MATCH = YES;
				COPY_PHASE_STRIP = NO;
				DEBUG_INFORMATION_FORMAT = "dwarf-with-dsym";
				ENABLE_NS_ASSERTIONS = NO;
				ENABLE_STRICT_OBJC_MSGSEND = YES;
				GCC_C_LANGUAGE_STANDARD = gnu11;
				GCC_NO_COMMON_BLOCKS = YES;
				GCC_WARN_64_TO_32_BIT_CONVERSION = YES;
				GCC_WARN_ABOUT_RETURN_TYPE = YES_ERROR;
				GCC_WARN_UNDECLARED_SELECTOR = YES;
				GCC_WARN_UNINITIALIZED_AUTOS = YES_AGGRESSIVE;
				GCC_WARN_UNUSED_FUNCTION = YES;
				GCC_WARN_UNUSED_VARIABLE = YES;
				IPHONEOS_DEPLOYMENT_TARGET = 16.2;
				MTL_ENABLE_DEBUG_INFO = NO;
				MTL_FAST_MATH = YES;
				SDKROOT = iphoneos;
				SWIFT_COMPILATION_MODE = wholemodule;
				SWIFT_OPTIMIZATION_LEVEL = "-O";
				VALIDATE_PRODUCT = YES;
			};
			name = Release;
		};
		96122E6729CAE005007216A2 /* Debug */ = {
			isa = XCBuildConfiguration;
			buildSettings = {
				ASSETCATALOG_COMPILER_APPICON_NAME = AppIcon;
				ASSETCATALOG_COMPILER_GLOBAL_ACCENT_COLOR_NAME = AccentColor;
				CODE_SIGN_STYLE = Automatic;
				CURRENT_PROJECT_VERSION = 1;
				DEVELOPMENT_ASSET_PATHS = "\"D20/Preview Content\"";
				DEVELOPMENT_TEAM = JNN26Z3K4U;
				ENABLE_PREVIEWS = YES;
				GENERATE_INFOPLIST_FILE = YES;
				INFOPLIST_KEY_UIApplicationSceneManifest_Generation = YES;
				INFOPLIST_KEY_UIApplicationSupportsIndirectInputEvents = YES;
				INFOPLIST_KEY_UILaunchScreen_Generation = YES;
				INFOPLIST_KEY_UISupportedInterfaceOrientations_iPad = "UIInterfaceOrientationPortrait UIInterfaceOrientationPortraitUpsideDown UIInterfaceOrientationLandscapeLeft UIInterfaceOrientationLandscapeRight";
				INFOPLIST_KEY_UISupportedInterfaceOrientations_iPhone = "UIInterfaceOrientationPortrait UIInterfaceOrientationLandscapeLeft UIInterfaceOrientationLandscapeRight";
				LD_RUNPATH_SEARCH_PATHS = (
					"$(inherited)",
					"@executable_path/Frameworks",
				);
				MARKETING_VERSION = 1.0;
				PRODUCT_BUNDLE_IDENTIFIER = "Yash-Bohra.D20";
				PRODUCT_NAME = "$(TARGET_NAME)";
				SWIFT_EMIT_LOC_STRINGS = YES;
				SWIFT_VERSION = 5.0;
				TARGETED_DEVICE_FAMILY = "1,2";
			};
			name = Debug;
		};
		96122E6829CAE005007216A2 /* Release */ = {
			isa = XCBuildConfiguration;
			buildSettings = {
				ASSETCATALOG_COMPILER_APPICON_NAME = AppIcon;
				ASSETCATALOG_COMPILER_GLOBAL_ACCENT_COLOR_NAME = AccentColor;
				CODE_SIGN_STYLE = Automatic;
				CURRENT_PROJECT_VERSION = 1;
				DEVELOPMENT_ASSET_PATHS = "\"D20/Preview Content\"";
				DEVELOPMENT_TEAM = JNN26Z3K4U;
				ENABLE_PREVIEWS = YES;
				GENERATE_INFOPLIST_FILE = YES;
				INFOPLIST_KEY_UIApplicationSceneManifest_Generation = YES;
				INFOPLIST_KEY_UIApplicationSupportsIndirectInputEvents = YES;
				INFOPLIST_KEY_UILaunchScreen_Generation = YES;
				INFOPLIST_KEY_UISupportedInterfaceOrientations_iPad = "UIInterfaceOrientationPortrait UIInterfaceOrientationPortraitUpsideDown UIInterfaceOrientationLandscapeLeft UIInterfaceOrientationLandscapeRight";
				INFOPLIST_KEY_UISupportedInterfaceOrientations_iPhone = "UIInterfaceOrientationPortrait UIInterfaceOrientationLandscapeLeft UIInterfaceOrientationLandscapeRight";
				LD_RUNPATH_SEARCH_PATHS = (
					"$(inherited)",
					"@executable_path/Frameworks",
				);
				MARKETING_VERSION = 1.0;
				PRODUCT_BUNDLE_IDENTIFIER = "Yash-Bohra.D20";
				PRODUCT_NAME = "$(TARGET_NAME)";
				SWIFT_EMIT_LOC_STRINGS = YES;
				SWIFT_VERSION = 5.0;
				TARGETED_DEVICE_FAMILY = "1,2";
			};
			name = Release;
		};
/* End XCBuildConfiguration section */

/* Begin XCConfigurationList section */
		96122E5329CAE004007216A2 /* Build configuration list for PBXProject "D20" */ = {
			isa = XCConfigurationList;
			buildConfigurations = (
				96122E6429CAE005007216A2 /* Debug */,
				96122E6529CAE005007216A2 /* Release */,
			);
			defaultConfigurationIsVisible = 0;
			defaultConfigurationName = Release;
		};
		96122E6629CAE005007216A2 /* Build configuration list for PBXNativeTarget "D20" */ = {
			isa = XCConfigurationList;
			buildConfigurations = (
				96122E6729CAE005007216A2 /* Debug */,
				96122E6829CAE005007216A2 /* Release */,
			);
			defaultConfigurationIsVisible = 0;
			defaultConfigurationName = Release;
		};
/* End XCConfigurationList section */
	};
	rootObject = 96122E5029CAE004007216A2 /* Project object */;
}
